
Microsoft Visual Studio Solution File, Format Version 12.00
# Visual Studio 15
Project("{FAE04EC0-301F-11D3-BF4B-00C04F79EFBC}") = "Assembly-CSharp", "Assembly-CSharp.csproj", "{3912112A-A38E-EBEF-C1B8-2F39868F855F}"
EndProject
Project("{FAE04EC0-301F-11D3-BF4B-00C04F79EFBC}") = "Assembly-CSharp-Editor", "Assembly-CSharp-Editor.csproj", "{ED88E043-A40E-2942-29A1-AB26F652851B}"
EndProject
Project("{FAE04EC0-301F-11D3-BF4B-00C04F79EFBC}") = "gkngkc.StandaloneFileBrowser", "gkngkc.StandaloneFileBrowser.csproj", "{6372BDAA-753C-4F6F-6767-C08C96EE1D67}"
EndProject
Project("{FAE04EC0-301F-11D3-BF4B-00C04F79EFBC}") = "Assembly-CSharp-firstpass", "Assembly-CSharp-firstpass.csproj", "{51601626-B8DF-B81F-C130-D229591177F5}"
EndProject
Global
	GlobalSection(SolutionConfigurationPlatforms) = preSolution
		Debug|Any CPU = Debug|Any CPU
		Release|Any CPU = Release|Any CPU
	EndGlobalSection
	GlobalSection(ProjectConfigurationPlatforms) = postSolution
		{3912112A-A38E-EBEF-C1B8-2F39868F855F}.Debug|Any CPU.ActiveCfg = Debug|Any CPU
		{3912112A-A38E-EBEF-C1B8-2F39868F855F}.Debug|Any CPU.Build.0 = Debug|Any CPU
		{3912112A-A38E-EBEF-C1B8-2F39868F855F}.Release|Any CPU.ActiveCfg = Release|Any CPU
		{3912112A-A38E-EBEF-C1B8-2F39868F855F}.Release|Any CPU.Build.0 = Release|Any CPU
		{ED88E043-A40E-2942-29A1-AB26F652851B}.Debug|Any CPU.ActiveCfg = Debug|Any CPU
		{ED88E043-A40E-2942-29A1-AB26F652851B}.Debug|Any CPU.Build.0 = Debug|Any CPU
		{ED88E043-A40E-2942-29A1-AB26F652851B}.Release|Any CPU.ActiveCfg = Release|Any CPU
		{ED88E043-A40E-2942-29A1-AB26F652851B}.Release|Any CPU.Build.0 = Release|Any CPU
		{6372BDAA-753C-4F6F-6767-C08C96EE1D67}.Debug|Any CPU.ActiveCfg = Debug|Any CPU
		{6372BDAA-753C-4F6F-6767-C08C96EE1D67}.Debug|Any CPU.Build.0 = Debug|Any CPU
		{6372BDAA-753C-4F6F-6767-C08C96EE1D67}.Release|Any CPU.ActiveCfg = Release|Any CPU
		{6372BDAA-753C-4F6F-6767-C08C96EE1D67}.Release|Any CPU.Build.0 = Release|Any CPU
		{51601626-B8DF-B81F-C130-D229591177F5}.Debug|Any CPU.ActiveCfg = Debug|Any CPU
		{51601626-B8DF-B81F-C130-D229591177F5}.Debug|Any CPU.Build.0 = Debug|Any CPU
		{51601626-B8DF-B81F-C130-D229591177F5}.Release|Any CPU.ActiveCfg = Release|Any CPU
		{51601626-B8DF-B81F-C130-D229591177F5}.Release|Any CPU.Build.0 = Release|Any CPU
	EndGlobalSection
	GlobalSection(SolutionProperties) = preSolution
		HideSolutionNode = FALSE
	EndGlobalSection
EndGlobal
